<?xml version="1.0" encoding="utf-8"?>
<Project ToolsVersion="4.0" xmlns="http://schemas.microsoft.com/developer/msbuild/2003">
  <ItemGroup>
    <Filter Include="리소스 파일">
      <UniqueIdentifier>{67DA6AB6-F800-4c08-8B7A-83BB121AAD01}</UniqueIdentifier>
      <Extensions>rc;ico;cur;bmp;dlg;rc2;rct;bin;rgs;gif;jpg;jpeg;jpe;resx;tiff;tif;png;wav;mfcribbon-ms</Extensions>
    </Filter>
    <Filter Include="Common">
      <UniqueIdentifier>{3ecd3704-08d5-45f1-935a-8cb8ac63c092}</UniqueIdentifier>
    </Filter>
    <Filter Include="01. Application">
      <UniqueIdentifier>{751f087a-d2ea-4a56-9f07-a1f50d289b27}</UniqueIdentifier>
    </Filter>
    <Filter Include="02. Scene">
      <UniqueIdentifier>{c06ab9e5-1b1c-4845-899e-f3fcbf35326a}</UniqueIdentifier>
    </Filter>
    <Filter Include="Main">
      <UniqueIdentifier>{a778165f-c022-4bf7-92f9-858b346d7513}</UniqueIdentifier>
    </Filter>
    <Filter Include="03. Layer">
      <UniqueIdentifier>{1f3022ff-f8d5-4fe0-a742-85faad423771}</UniqueIdentifier>
    </Filter>
    <Filter Include="04. GameObject">
      <UniqueIdentifier>{3dfb598e-feaf-4086-af87-1eb587cd3436}</UniqueIdentifier>
    </Filter>
    <Filter Include="02. Scene\SceneType">
      <UniqueIdentifier>{34cc68a2-7bc4-4b49-b4fc-f7116fc8c0e8}</UniqueIdentifier>
    </Filter>
    <Filter Include="05. Component">
      <UniqueIdentifier>{1d443f16-055d-494e-88b3-3dff6c6eb662}</UniqueIdentifier>
    </Filter>
    <Filter Include="02. Scene\SceneType\PlayScene">
      <UniqueIdentifier>{ca5cedef-1f26-4695-ae2e-2da65323d368}</UniqueIdentifier>
    </Filter>
    <Filter Include="04. GameObject\Player">
      <UniqueIdentifier>{683fe9af-6f54-411a-8297-b9e3b874666b}</UniqueIdentifier>
    </Filter>
    <Filter Include="04. GameObject\Player\Kirby">
      <UniqueIdentifier>{cc2089b2-cfea-42e7-b7cf-8227564b182f}</UniqueIdentifier>
    </Filter>
    <Filter Include="Manager">
      <UniqueIdentifier>{1d31c4e6-d700-486f-b442-acb6336d507f}</UniqueIdentifier>
    </Filter>
    <Filter Include="Manager\Time">
      <UniqueIdentifier>{bccfdd48-ee61-4e71-a215-b5994b7cc14e}</UniqueIdentifier>
    </Filter>
    <Filter Include="Manager\Key">
      <UniqueIdentifier>{a4aa6645-750b-4ead-99c3-00bc9abea3d6}</UniqueIdentifier>
    </Filter>
    <Filter Include="04. GameObject\Monster">
      <UniqueIdentifier>{81242285-aaaf-45da-843c-dc7c8a5bbf7e}</UniqueIdentifier>
    </Filter>
    <Filter Include="04. GameObject\Effect">
      <UniqueIdentifier>{0129574d-80da-4f14-9523-8f43ff6f2a05}</UniqueIdentifier>
    </Filter>
    <Filter Include="06. Resource">
      <UniqueIdentifier>{12ed9b59-4306-4945-88b6-c8ab9fa2b633}</UniqueIdentifier>
    </Filter>
    <Filter Include="06. Resource\Texture">
      <UniqueIdentifier>{eed06b70-dd7a-47d1-9ff6-6d179f00a7fd}</UniqueIdentifier>
    </Filter>
    <Filter Include="04. GameObject\BackGorund">
      <UniqueIdentifier>{4ce3a5e8-9464-481c-ad28-58fb75224210}</UniqueIdentifier>
    </Filter>
    <Filter Include="05. Component\Collider">
      <UniqueIdentifier>{d50aa4d8-9df2-4ccd-a90c-4d25ed5c38a7}</UniqueIdentifier>
    </Filter>
    <Filter Include="05. Component\Transform">
      <UniqueIdentifier>{49bb9e73-cf32-41d6-a3f1-dd89f373dfa3}</UniqueIdentifier>
    </Filter>
    <Filter Include="Manager\Collision">
      <UniqueIdentifier>{e19e50c7-3e35-47c3-96c5-2b49880cc4b7}</UniqueIdentifier>
    </Filter>
    <Filter Include="05. Component\Animator">
      <UniqueIdentifier>{2c0ffdf1-4d7c-4854-a10c-44b39e087dc4}</UniqueIdentifier>
    </Filter>
    <Filter Include="05. Component\Animator\Animation">
      <UniqueIdentifier>{701f054d-50ca-43e7-a268-6ee29ab7469f}</UniqueIdentifier>
    </Filter>
    <Filter Include="04. GameObject\UI">
      <UniqueIdentifier>{56b75431-9b97-43c9-b959-1e1a0b421acb}</UniqueIdentifier>
    </Filter>
    <Filter Include="02. Scene\SceneType\PauseScene">
      <UniqueIdentifier>{266efe16-eed8-4a2c-8ec0-cfb397d2865e}</UniqueIdentifier>
    </Filter>
    <Filter Include="02. Scene\SceneType\TitleScene">
      <UniqueIdentifier>{0078107a-2d88-4d51-afab-3ab40dee6818}</UniqueIdentifier>
    </Filter>
    <Filter Include="Manager\Event">
      <UniqueIdentifier>{c721192b-8c3d-4115-a321-cce192c76a35}</UniqueIdentifier>
    </Filter>
    <Filter Include="04. GameObject\Effect\TransformEffect">
      <UniqueIdentifier>{2579b06c-46c1-451b-bee8-ad6c4a7d07e5}</UniqueIdentifier>
    </Filter>
  </ItemGroup>
  <ItemGroup>
    <ClInclude Include="targetver.h">
      <Filter>Main</Filter>
    </ClInclude>
    <ClInclude Include="framework.h">
      <Filter>Main</Filter>
    </ClInclude>
    <ClInclude Include="Kirby.h">
      <Filter>Main</Filter>
    </ClInclude>
    <ClInclude Include="Resource.h">
      <Filter>Main</Filter>
    </ClInclude>
    <ClInclude Include="zzApplication.h">
      <Filter>01. Application</Filter>
    </ClInclude>
    <ClInclude Include="CommonInclude.h">
      <Filter>Common</Filter>
    </ClInclude>
    <ClInclude Include="zzMath.h">
      <Filter>Common</Filter>
    </ClInclude>
    <ClInclude Include="zzEnum.h">
      <Filter>Common</Filter>
    </ClInclude>
    <ClInclude Include="zzEngine.h">
      <Filter>Common</Filter>
    </ClInclude>
    <ClInclude Include="zzEntity.h">
      <Filter>Common</Filter>
    </ClInclude>
    <ClInclude Include="zzSceneMgr.h">
      <Filter>02. Scene</Filter>
    </ClInclude>
    <ClInclude Include="zzScene.h">
      <Filter>02. Scene</Filter>
    </ClInclude>
    <ClInclude Include="zzLayer.h">
      <Filter>03. Layer</Filter>
    </ClInclude>
    <ClInclude Include="zzGameObject.h">
      <Filter>04. GameObject</Filter>
    </ClInclude>
    <ClInclude Include="zzPlayScene.h">
      <Filter>02. Scene\SceneType\PlayScene</Filter>
    </ClInclude>
    <ClInclude Include="zzKirby.h">
      <Filter>04. GameObject\Player\Kirby</Filter>
    </ClInclude>
    <ClInclude Include="zzTime.h">
      <Filter>Manager\Time</Filter>
    </ClInclude>
    <ClInclude Include="zzKey.h">
      <Filter>Manager\Key</Filter>
    </ClInclude>
    <ClInclude Include="zzComponent.h">
      <Filter>05. Component</Filter>
    </ClInclude>
    <ClInclude Include="zzMonster.h">
      <Filter>04. GameObject\Monster</Filter>
    </ClInclude>
    <ClInclude Include="define.h">
      <Filter>Common</Filter>
    </ClInclude>
    <ClInclude Include="zzResource.h">
      <Filter>06. Resource</Filter>
    </ClInclude>
    <ClInclude Include="zzResourceMgr.h">
      <Filter>06. Resource</Filter>
    </ClInclude>
    <ClInclude Include="zzTexture.h">
      <Filter>06. Resource\Texture</Filter>
    </ClInclude>
    <ClInclude Include="zzBackGround.h">
      <Filter>04. GameObject\BackGorund</Filter>
    </ClInclude>
    <ClInclude Include="zzCollider.h">
      <Filter>05. Component\Collider</Filter>
    </ClInclude>
    <ClInclude Include="zzTransform.h">
      <Filter>05. Component\Transform</Filter>
    </ClInclude>
    <ClInclude Include="zzkirbyComponent.h">
      <Filter>05. Component</Filter>
    </ClInclude>
    <ClInclude Include="zzSelectGDI.h">
      <Filter>Common</Filter>
    </ClInclude>
    <ClInclude Include="zzCollisionMgr.h">
      <Filter>Manager\Collision</Filter>
    </ClInclude>
    <ClInclude Include="zzAnimator.h">
      <Filter>05. Component\Animator</Filter>
    </ClInclude>
    <ClInclude Include="zzAnimation.h">
      <Filter>05. Component\Animator\Animation</Filter>
    </ClInclude>
    <ClInclude Include="zzPauseScene.h">
      <Filter>02. Scene\SceneType\PauseScene</Filter>
    </ClInclude>
    <ClInclude Include="zzTitleScene.h">
      <Filter>02. Scene\SceneType\TitleScene</Filter>
    </ClInclude>
    <ClInclude Include="zzFireKirbySkill.h">
      <Filter>04. GameObject\Effect</Filter>
    </ClInclude>
    <ClInclude Include="zzEventMgr.h">
      <Filter>Manager\Event</Filter>
    </ClInclude>
    <ClInclude Include="zzFunction.h">
      <Filter>Common</Filter>
    </ClInclude>
    <ClInclude Include="zzTransformEffect.h">
      <Filter>04. GameObject\Effect\TransformEffect</Filter>
    </ClInclude>
  </ItemGroup>
  <ItemGroup>
    <ResourceCompile Include="Kirby.rc">
      <Filter>리소스 파일</Filter>
    </ResourceCompile>
  </ItemGroup>
  <ItemGroup>
    <Image Include="small.ico">
      <Filter>리소스 파일</Filter>
    </Image>
    <Image Include="Kirby.ico">
      <Filter>리소스 파일</Filter>
    </Image>
  </ItemGroup>
  <ItemGroup>
    <ClCompile Include="main.cpp">
      <Filter>Main</Filter>
    </ClCompile>
    <ClCompile Include="zzApplication.cpp">
      <Filter>01. Application</Filter>
    </ClCompile>
    <ClCompile Include="zzMath.cpp">
      <Filter>Common</Filter>
    </ClCompile>
    <ClCompile Include="zzSceneMgr.cpp">
      <Filter>02. Scene</Filter>
    </ClCompile>
    <ClCompile Include="zzScene.cpp">
      <Filter>02. Scene</Filter>
    </ClCompile>
    <ClCompile Include="zzLayer.cpp">
      <Filter>03. Layer</Filter>
    </ClCompile>
    <ClCompile Include="zzGameObject.cpp">
      <Filter>04. GameObject</Filter>
    </ClCompile>
    <ClCompile Include="zzEntity.cpp">
      <Filter>Common</Filter>
    </ClCompile>
    <ClCompile Include="zzPlayScene.cpp">
      <Filter>02. Scene\SceneType\PlayScene</Filter>
    </ClCompile>
    <ClCompile Include="zzKirby.cpp">
      <Filter>04. GameObject\Player\Kirby</Filter>
    </ClCompile>
    <ClCompile Include="zzTime.cpp">
      <Filter>Manager\Time</Filter>
    </ClCompile>
    <ClCompile Include="zzKey.cpp">
      <Filter>Manager\Key</Filter>
    </ClCompile>
    <ClCompile Include="zzComponent.cpp">
      <Filter>05. Component</Filter>
    </ClCompile>
    <ClCompile Include="zzMonster.cpp">
      <Filter>04. GameObject\Monster</Filter>
    </ClCompile>
    <ClCompile Include="zzResource.cpp">
      <Filter>06. Resource</Filter>
    </ClCompile>
    <ClCompile Include="zzResourceMgr.cpp">
      <Filter>06. Resource</Filter>
    </ClCompile>
    <ClCompile Include="zzTexture.cpp">
      <Filter>06. Resource\Texture</Filter>
    </ClCompile>
    <ClCompile Include="zzBackGround.cpp">
      <Filter>04. GameObject\BackGorund</Filter>
    </ClCompile>
    <ClCompile Include="zzCollider.cpp">
      <Filter>05. Component\Collider</Filter>
    </ClCompile>
    <ClCompile Include="zzTransform.cpp">
      <Filter>05. Component\Transform</Filter>
    </ClCompile>
    <ClCompile Include="zzkirbyComponent.cpp">
      <Filter>05. Component</Filter>
    </ClCompile>
    <ClCompile Include="zzCollisionMgr.cpp">
      <Filter>Manager\Collision</Filter>
    </ClCompile>
    <ClCompile Include="zzAnimator.cpp">
      <Filter>05. Component\Animator</Filter>
    </ClCompile>
    <ClCompile Include="zzAnimation.cpp">
      <Filter>05. Component\Animator\Animation</Filter>
    </ClCompile>
    <ClCompile Include="zzPauseScene.cpp">
      <Filter>02. Scene\SceneType\PauseScene</Filter>
    </ClCompile>
    <ClCompile Include="zzTitleScene.cpp">
      <Filter>02. Scene\SceneType\TitleScene</Filter>
    </ClCompile>
    <ClCompile Include="zzFireKirbySkill.cpp">
      <Filter>04. GameObject\Effect</Filter>
    </ClCompile>
    <ClCompile Include="zzEventMgr.cpp">
      <Filter>Manager\Event</Filter>
    </ClCompile>
    <ClCompile Include="zzFunction.cpp">
      <Filter>Common</Filter>
    </ClCompile>
    <ClCompile Include="zzTransformEffect.cpp">
      <Filter>04. GameObject\Effect\TransformEffect</Filter>
    </ClCompile>
  </ItemGroup>
</Project>