<?xml version="1.0" encoding="utf-8"?>
<Project ToolsVersion="4.0" xmlns="http://schemas.microsoft.com/developer/msbuild/2003">
  <ItemGroup>
    <ClCompile Include="zzApplication.cpp">
      <Filter>01.Application</Filter>
    </ClCompile>
    <ClCompile Include="zzScene.cpp">
      <Filter>02. Scene</Filter>
    </ClCompile>
    <ClCompile Include="zzSceneMgr.cpp">
      <Filter>02. Scene</Filter>
    </ClCompile>
    <ClCompile Include="zzAnimation.cpp">
      <Filter>05. Component</Filter>
    </ClCompile>
    <ClCompile Include="zzAnimator.cpp">
      <Filter>05. Component</Filter>
    </ClCompile>
    <ClCompile Include="zzCollider.cpp">
      <Filter>05. Component</Filter>
    </ClCompile>
    <ClCompile Include="zzCollisionMgr.cpp">
      <Filter>05. Component</Filter>
    </ClCompile>
    <ClCompile Include="zzComponent.cpp">
      <Filter>05. Component</Filter>
    </ClCompile>
    <ClCompile Include="zzEntity.cpp">
      <Filter>Common</Filter>
    </ClCompile>
    <ClCompile Include="main.cpp">
      <Filter>Default</Filter>
    </ClCompile>
    <ClCompile Include="zzFunction.cpp">
      <Filter>Common</Filter>
    </ClCompile>
    <ClCompile Include="zzGameObject.cpp">
      <Filter>04. GameObject</Filter>
    </ClCompile>
    <ClCompile Include="zzLayer.cpp">
      <Filter>03. Layer</Filter>
    </ClCompile>
    <ClCompile Include="zzBK_Stage1.cpp">
      <Filter>04. GameObject\BackGround</Filter>
    </ClCompile>
    <ClCompile Include="zzCutterKirby.cpp">
      <Filter>04. GameObject\Player\CutterKirby</Filter>
    </ClCompile>
    <ClCompile Include="zzIceKirby.cpp">
      <Filter>04. GameObject\Player\IceKirby</Filter>
    </ClCompile>
    <ClCompile Include="zzCutterSkill.cpp">
      <Filter>04. GameObject\Skill\CutterSkill</Filter>
    </ClCompile>
    <ClCompile Include="zzDefaultKirby.cpp">
      <Filter>04. GameObject\Player\DefaultKirby</Filter>
    </ClCompile>
    <ClCompile Include="zzDefaultSkill.cpp">
      <Filter>04. GameObject\Skill\DefaultSkill</Filter>
    </ClCompile>
    <ClCompile Include="zzFireKirby.cpp">
      <Filter>04. GameObject\Player\FireKirby</Filter>
    </ClCompile>
    <ClCompile Include="zzFireSkill.cpp">
      <Filter>04. GameObject\Skill\FireSkill</Filter>
    </ClCompile>
    <ClCompile Include="zzIceSkill.cpp">
      <Filter>04. GameObject\Skill\IceSkill</Filter>
    </ClCompile>
    <ClCompile Include="zzMonster.cpp">
      <Filter>04. GameObject\Monster</Filter>
    </ClCompile>
    <ClCompile Include="zzTransformEffect.cpp">
      <Filter>04. GameObject\Effect</Filter>
    </ClCompile>
    <ClCompile Include="zzMath.cpp">
      <Filter>Common</Filter>
    </ClCompile>
    <ClCompile Include="zzResource.cpp">
      <Filter>Resource</Filter>
    </ClCompile>
    <ClCompile Include="zzKirby.cpp">
      <Filter>04. GameObject\Player</Filter>
    </ClCompile>
    <ClCompile Include="zzSkill.cpp">
      <Filter>04. GameObject\Skill</Filter>
    </ClCompile>
    <ClCompile Include="zzStage1.cpp">
      <Filter>04. GameObject\Stage</Filter>
    </ClCompile>
    <ClCompile Include="zzTexture.cpp">
      <Filter>Resource</Filter>
    </ClCompile>
    <ClCompile Include="zzTile.cpp">
      <Filter>04. GameObject\Tile</Filter>
    </ClCompile>
    <ClCompile Include="zzTitleScene.cpp">
      <Filter>02. Scene\TitleScene</Filter>
    </ClCompile>
    <ClCompile Include="zzToolScene.cpp">
      <Filter>02. Scene\ToolScene</Filter>
    </ClCompile>
    <ClCompile Include="zzPlayScene.cpp">
      <Filter>02. Scene\PlayScene</Filter>
    </ClCompile>
    <ClCompile Include="zzPauseScene.cpp">
      <Filter>02. Scene\PauseScene</Filter>
    </ClCompile>
    <ClCompile Include="zzResourceMgr.cpp">
      <Filter>Resource</Filter>
    </ClCompile>
    <ClCompile Include="zzTime.cpp">
      <Filter>06. Manager\Time</Filter>
    </ClCompile>
    <ClCompile Include="zzEventMgr.cpp">
      <Filter>06. Manager\Event</Filter>
    </ClCompile>
    <ClCompile Include="zzKey.cpp">
      <Filter>06. Manager\Key</Filter>
    </ClCompile>
    <ClCompile Include="zzCamera.cpp">
      <Filter>Camera</Filter>
    </ClCompile>
  </ItemGroup>
  <ItemGroup>
    <ClInclude Include="define.h">
      <Filter>Common</Filter>
    </ClInclude>
    <ClInclude Include="CommonInclude.h">
      <Filter>Common</Filter>
    </ClInclude>
    <ClInclude Include="framework.h">
      <Filter>Default</Filter>
    </ClInclude>
    <ClInclude Include="Kirby.h">
      <Filter>Default</Filter>
    </ClInclude>
    <ClInclude Include="Resource.h">
      <Filter>Default</Filter>
    </ClInclude>
    <ClInclude Include="targetver.h">
      <Filter>Default</Filter>
    </ClInclude>
    <ClInclude Include="zzApplication.h">
      <Filter>01.Application</Filter>
    </ClInclude>
    <ClInclude Include="zzScene.h">
      <Filter>02. Scene</Filter>
    </ClInclude>
    <ClInclude Include="zzSceneMgr.h">
      <Filter>02. Scene</Filter>
    </ClInclude>
    <ClInclude Include="zzAnimation.h">
      <Filter>05. Component</Filter>
    </ClInclude>
    <ClInclude Include="zzAnimator.h">
      <Filter>05. Component</Filter>
    </ClInclude>
    <ClInclude Include="zzCollider.h">
      <Filter>05. Component</Filter>
    </ClInclude>
    <ClInclude Include="zzComponent.h">
      <Filter>05. Component</Filter>
    </ClInclude>
    <ClInclude Include="zzCollisionMgr.h">
      <Filter>05. Component</Filter>
    </ClInclude>
    <ClInclude Include="zzEntity.h">
      <Filter>Common</Filter>
    </ClInclude>
    <ClInclude Include="zzEnum.h">
      <Filter>Common</Filter>
    </ClInclude>
    <ClInclude Include="zzEngine.h">
      <Filter>Common</Filter>
    </ClInclude>
    <ClInclude Include="zzFunction.h">
      <Filter>Common</Filter>
    </ClInclude>
    <ClInclude Include="zzGameObject.h">
      <Filter>04. GameObject</Filter>
    </ClInclude>
    <ClInclude Include="zzLayer.h">
      <Filter>03. Layer</Filter>
    </ClInclude>
    <ClInclude Include="zzBK_Stage1.h">
      <Filter>04. GameObject\BackGround</Filter>
    </ClInclude>
    <ClInclude Include="zzCutterKirby.h">
      <Filter>04. GameObject\Player\CutterKirby</Filter>
    </ClInclude>
    <ClInclude Include="zzIceKirby.h">
      <Filter>04. GameObject\Player\IceKirby</Filter>
    </ClInclude>
    <ClInclude Include="zzCutterSkill.h">
      <Filter>04. GameObject\Skill\CutterSkill</Filter>
    </ClInclude>
    <ClInclude Include="zzDefaultKirby.h">
      <Filter>04. GameObject\Player\DefaultKirby</Filter>
    </ClInclude>
    <ClInclude Include="zzDefaultSkill.h">
      <Filter>04. GameObject\Skill\DefaultSkill</Filter>
    </ClInclude>
    <ClInclude Include="zzFireKirby.h">
      <Filter>04. GameObject\Player\FireKirby</Filter>
    </ClInclude>
    <ClInclude Include="zzFireSkill.h">
      <Filter>04. GameObject\Skill\FireSkill</Filter>
    </ClInclude>
    <ClInclude Include="zzIceSkill.h">
      <Filter>04. GameObject\Skill\IceSkill</Filter>
    </ClInclude>
    <ClInclude Include="zzMonster.h">
      <Filter>04. GameObject\Monster</Filter>
    </ClInclude>
    <ClInclude Include="zzTransformEffect.h">
      <Filter>04. GameObject\Effect</Filter>
    </ClInclude>
    <ClInclude Include="zzMath.h">
      <Filter>Common</Filter>
    </ClInclude>
    <ClInclude Include="zzResource.h">
      <Filter>Resource</Filter>
    </ClInclude>
    <ClInclude Include="zzKirby.h">
      <Filter>04. GameObject\Player</Filter>
    </ClInclude>
    <ClInclude Include="zzSkill.h">
      <Filter>04. GameObject\Skill</Filter>
    </ClInclude>
    <ClInclude Include="zzStage1.h">
      <Filter>04. GameObject\Stage</Filter>
    </ClInclude>
    <ClInclude Include="zzTexture.h">
      <Filter>Resource</Filter>
    </ClInclude>
    <ClInclude Include="zzSelectGDI.h">
      <Filter>Common</Filter>
    </ClInclude>
    <ClInclude Include="zzTitleScene.h">
      <Filter>02. Scene\TitleScene</Filter>
    </ClInclude>
    <ClInclude Include="zzToolScene.h">
      <Filter>02. Scene\ToolScene</Filter>
    </ClInclude>
    <ClInclude Include="zzPlayScene.h">
      <Filter>02. Scene\PlayScene</Filter>
    </ClInclude>
    <ClInclude Include="zzPauseScene.h">
      <Filter>02. Scene\PauseScene</Filter>
    </ClInclude>
    <ClInclude Include="zzTile.h">
      <Filter>04. GameObject\Tile</Filter>
    </ClInclude>
    <ClInclude Include="zzResourceMgr.h">
      <Filter>Resource</Filter>
    </ClInclude>
    <ClInclude Include="zzTime.h">
      <Filter>06. Manager\Time</Filter>
    </ClInclude>
    <ClInclude Include="zzEventMgr.h">
      <Filter>06. Manager\Event</Filter>
    </ClInclude>
    <ClInclude Include="zzKey.h">
      <Filter>06. Manager\Key</Filter>
    </ClInclude>
    <ClInclude Include="zzCamera.h">
      <Filter>Camera</Filter>
    </ClInclude>
  </ItemGroup>
  <ItemGroup>
    <Image Include="Kirby.ico">
      <Filter>Default</Filter>
    </Image>
    <Image Include="small.ico">
      <Filter>Default</Filter>
    </Image>
  </ItemGroup>
  <ItemGroup>
    <Filter Include="01.Application">
      <UniqueIdentifier>{ee3341d3-6b06-4750-8afd-b2963e71cd4e}</UniqueIdentifier>
    </Filter>
    <Filter Include="03. Layer">
      <UniqueIdentifier>{7c51a39d-2aa0-4efe-84b9-187b0dfcf470}</UniqueIdentifier>
    </Filter>
    <Filter Include="Default">
      <UniqueIdentifier>{51b6e767-30dc-43c6-9a65-169f8c7a1554}</UniqueIdentifier>
    </Filter>
    <Filter Include="02. Scene">
      <UniqueIdentifier>{3fda6c3d-171a-4505-81c9-6a5c09343745}</UniqueIdentifier>
    </Filter>
    <Filter Include="Resource">
      <UniqueIdentifier>{0a1b5b25-0dbd-41ce-bb24-b93abdb92a55}</UniqueIdentifier>
    </Filter>
    <Filter Include="02. Scene\PauseScene">
      <UniqueIdentifier>{fcc24b88-859d-4790-8d74-5def8cda65ad}</UniqueIdentifier>
    </Filter>
    <Filter Include="02. Scene\PlayScene">
      <UniqueIdentifier>{edad1161-9fc7-4f9a-9549-ece4e24a3488}</UniqueIdentifier>
    </Filter>
    <Filter Include="02. Scene\ToolScene">
      <UniqueIdentifier>{5c8587da-1458-4a18-ade7-850ba7e73e53}</UniqueIdentifier>
    </Filter>
    <Filter Include="02. Scene\TitleScene">
      <UniqueIdentifier>{e9938c8c-f05a-47b0-9df7-0980858b9608}</UniqueIdentifier>
    </Filter>
    <Filter Include="Common">
      <UniqueIdentifier>{0011a834-3f3e-4e29-9793-5afd11dc5637}</UniqueIdentifier>
    </Filter>
    <Filter Include="04. GameObject">
      <UniqueIdentifier>{cb619500-5733-4415-bdd0-9638592151cb}</UniqueIdentifier>
    </Filter>
    <Filter Include="04. GameObject\Skill">
      <UniqueIdentifier>{aea270b7-e9bb-4856-9865-53107d13bff5}</UniqueIdentifier>
    </Filter>
    <Filter Include="04. GameObject\Skill\DefaultSkill">
      <UniqueIdentifier>{20c040b7-a43f-44dc-95fa-bdc3c91d9296}</UniqueIdentifier>
    </Filter>
    <Filter Include="04. GameObject\Skill\CutterSkill">
      <UniqueIdentifier>{7daf8b7c-8f6c-427a-9a56-c265ad2df601}</UniqueIdentifier>
    </Filter>
    <Filter Include="04. GameObject\Skill\IceSkill">
      <UniqueIdentifier>{25e8ca0e-faa0-4d92-9d20-aa4eb126bfc5}</UniqueIdentifier>
    </Filter>
    <Filter Include="04. GameObject\Skill\FireSkill">
      <UniqueIdentifier>{4a4b0243-dfcb-4985-ba43-70a39c2987ba}</UniqueIdentifier>
    </Filter>
    <Filter Include="04. GameObject\Monster">
      <UniqueIdentifier>{f1d6115e-b23a-497f-b182-ae4c0545a933}</UniqueIdentifier>
    </Filter>
    <Filter Include="04. GameObject\Effect">
      <UniqueIdentifier>{fe69c1e9-f6b8-4ff5-a027-9dc5496aa7b7}</UniqueIdentifier>
    </Filter>
    <Filter Include="04. GameObject\BackGround">
      <UniqueIdentifier>{011ca57c-a3a1-43d8-9e3c-85071034c0c2}</UniqueIdentifier>
    </Filter>
    <Filter Include="04. GameObject\Stage">
      <UniqueIdentifier>{8b321d3c-6337-49f7-a38f-4fa52bf4d84b}</UniqueIdentifier>
    </Filter>
    <Filter Include="04. GameObject\Tile">
      <UniqueIdentifier>{31c9e720-89c6-45e5-8bd3-483b63bcd09d}</UniqueIdentifier>
    </Filter>
    <Filter Include="05. Component">
      <UniqueIdentifier>{05b7bcf6-0cd4-45f6-a4b6-f7131a9a9f57}</UniqueIdentifier>
    </Filter>
    <Filter Include="06. Manager">
      <UniqueIdentifier>{6d9b0821-f4d3-4b7e-8af8-5e6c59e6abf3}</UniqueIdentifier>
    </Filter>
    <Filter Include="06. Manager\Event">
      <UniqueIdentifier>{29f52f92-1d0b-4f9b-9362-d85f391297bc}</UniqueIdentifier>
    </Filter>
    <Filter Include="06. Manager\Time">
      <UniqueIdentifier>{086353d9-8445-4d68-bc49-4a43bfad7d27}</UniqueIdentifier>
    </Filter>
    <Filter Include="06. Manager\Key">
      <UniqueIdentifier>{542079e7-f165-47e7-aab3-075c90a1ab21}</UniqueIdentifier>
    </Filter>
    <Filter Include="Camera">
      <UniqueIdentifier>{f90917fb-db11-4e9c-9b51-2477891cb593}</UniqueIdentifier>
    </Filter>
    <Filter Include="04. GameObject\Player">
      <UniqueIdentifier>{9552cadf-3454-48d7-acfd-8c470a4891ba}</UniqueIdentifier>
    </Filter>
    <Filter Include="04. GameObject\Player\CutterKirby">
      <UniqueIdentifier>{3c77e2e0-d4f5-4a19-8eaf-66f17bc81a70}</UniqueIdentifier>
    </Filter>
    <Filter Include="04. GameObject\Player\IceKirby">
      <UniqueIdentifier>{32da6c18-889e-4541-b294-7f39918a6a47}</UniqueIdentifier>
    </Filter>
    <Filter Include="04. GameObject\Player\FireKirby">
      <UniqueIdentifier>{cd4511b0-b070-4605-a0aa-0c47e948349c}</UniqueIdentifier>
    </Filter>
    <Filter Include="04. GameObject\Player\DefaultKirby">
      <UniqueIdentifier>{a5f3abd8-fc0f-4d25-96e1-22065778ba17}</UniqueIdentifier>
    </Filter>
  </ItemGroup>
  <ItemGroup>
    <ResourceCompile Include="Kirby.rc">
      <Filter>Default</Filter>
    </ResourceCompile>
  </ItemGroup>
</Project>